
Microsoft Visual Studio Solution File, Format Version 12.00
# Visual Studio Version 17
VisualStudioVersion = 17.4.33403.182
MinimumVisualStudioVersion = 10.0.40219.1
Project("{FAE04EC0-301F-11D3-BF4B-00C04F79EFBC}") = "MyDiary", "MyDiary.csproj", "{A865CF1F-0290-406E-9ECC-38932F9DBBE0}"
EndProject
Global
	GlobalSection(SolutionConfigurationPlatforms) = preSolution
		Debug|Any CPU = Debug|Any CPU
		Release|Any CPU = Release|Any CPU
	EndGlobalSection
	GlobalSection(ProjectConfigurationPlatforms) = postSolution
		{A865CF1F-0290-406E-9ECC-38932F9DBBE0}.Debug|Any CPU.ActiveCfg = Debug|Any CPU
		{A865CF1F-0290-406E-9ECC-38932F9DBBE0}.Debug|Any CPU.Build.0 = Debug|Any CPU
		{A865CF1F-0290-406E-9ECC-38932F9DBBE0}.Release|Any CPU.ActiveCfg = Release|Any CPU
		{A865CF1F-0290-406E-9ECC-38932F9DBBE0}.Release|Any CPU.Build.0 = Release|Any CPU
	EndGlobalSection
	GlobalSection(SolutionProperties) = preSolution
		HideSolutionNode = FALSE
	EndGlobalSection
	GlobalSection(ExtensibilityGlobals) = postSolution
		SolutionGuid = {23E65C8D-3D32-447A-A7E7-02E4A9E8574F}
	EndGlobalSection
EndGlobal
